<?xml version="1.0" encoding="utf-8"?>
<Project ToolsVersion="4.0" xmlns="http://schemas.microsoft.com/developer/msbuild/2003">
  <ItemGroup>
    <Filter Include="source">
      <UniqueIdentifier>{d70b7601-79ee-480f-a521-20f1b2e853f9}</UniqueIdentifier>
    </Filter>
    <Filter Include="header">
      <UniqueIdentifier>{5c0e0313-f6d5-4c98-81b1-16e708c445d3}</UniqueIdentifier>
    </Filter>
  </ItemGroup>
  <ItemGroup>
    <ClCompile Include="1. 1부터 N가지 M의 배수합.cpp">
      <Filter>source</Filter>
    </ClCompile>
    <ClCompile Include="2. 자연수의 합.cpp">
      <Filter>source</Filter>
    </ClCompile>
    <ClCompile Include="3. 진약수의 합.cpp">
      <Filter>source</Filter>
    </ClCompile>
    <ClCompile Include="4. 나이 차이.cpp">
      <Filter>source</Filter>
    </ClCompile>
    <ClCompile Include="5. 나이계산.cpp">
      <Filter>source</Filter>
    </ClCompile>
    <ClCompile Include="6. 숫자만 추출.cpp">
      <Filter>source</Filter>
    </ClCompile>
    <ClCompile Include="7. 영어단어 복구.cpp">
      <Filter>source</Filter>
    </ClCompile>
    <ClCompile Include="8. 올바른 괄호.cpp">
      <Filter>source</Filter>
    </ClCompile>
    <ClCompile Include="9. 모두의 약수.cpp">
      <Filter>source</Filter>
    </ClCompile>
    <ClCompile Include="10. 자릿수의 합.cpp">
      <Filter>source</Filter>
    </ClCompile>
    <ClCompile Include="11, 12 숫자의 총 개수%28small%29.cpp">
      <Filter>source</Filter>
    </ClCompile>
    <ClCompile Include="13. 가장 많이 사용된 자릿수.cpp">
      <Filter>source</Filter>
    </ClCompile>
  </ItemGroup>
  <ItemGroup>
    <ClInclude Include="Header.h">
      <Filter>header</Filter>
    </ClInclude>
  </ItemGroup>
</Project>